// !$*UTF8*$!
{
	archiveVersion = 1;
	classes = {
	};
	objectVersion = 56;
	objects = {

/* Begin PBXBuildFile section */
		F81F06862A759F9200460D51 /* going for a walk to take my mind off things for a bit.mp3 in Resources */ = {isa = PBXBuildFile; fileRef = F81F06852A759F9200460D51 /* going for a walk to take my mind off things for a bit.mp3 */; };
		F82095202A2622D100DC6D79 /* CarView.swift in Sources */ = {isa = PBXBuildFile; fileRef = F820951F2A2622D100DC6D79 /* CarView.swift */; };
		F83CB3C02A41170F005BF95A /* FontView.swift in Sources */ = {isa = PBXBuildFile; fileRef = F83CB3BF2A41170F005BF95A /* FontView.swift */; };
		F83F052E2A297E2000EB0720 /* Sheikah.ttf in Resources */ = {isa = PBXBuildFile; fileRef = F83F052D2A297CDE00EB0720 /* Sheikah.ttf */; };
		F83F47D22A43782E00A4C47F /* CommandRunner.swift in Sources */ = {isa = PBXBuildFile; fileRef = F83F47D12A43782E00A4C47F /* CommandRunner.swift */; };
		F845C82829F4D77C0025AC0A /* Localizable.strings in Resources */ = {isa = PBXBuildFile; fileRef = F845C82A29F4D77C0025AC0A /* Localizable.strings */; };
		F845C82F29F6247A0025AC0A /* EThree.swift in Sources */ = {isa = PBXBuildFile; fileRef = F845C82E29F6247A0025AC0A /* EThree.swift */; };
		F853AB2F29DBCB1A006EA2D5 /* SpartanApp.swift in Sources */ = {isa = PBXBuildFile; fileRef = F853AB2E29DBCB1A006EA2D5 /* SpartanApp.swift */; };
		F853AB3129DBCB1A006EA2D5 /* ContentView.swift in Sources */ = {isa = PBXBuildFile; fileRef = F853AB3029DBCB1A006EA2D5 /* ContentView.swift */; };
		F853AB3329DBCB1E006EA2D5 /* Assets.xcassets in Resources */ = {isa = PBXBuildFile; fileRef = F853AB3229DBCB1E006EA2D5 /* Assets.xcassets */; };
		F853AB4329DE1C41006EA2D5 /* CreateFileView.swift in Sources */ = {isa = PBXBuildFile; fileRef = F853AB4229DE1C41006EA2D5 /* CreateFileView.swift */; };
		F853AB4529DE1CB3006EA2D5 /* RenameFileView.swift in Sources */ = {isa = PBXBuildFile; fileRef = F853AB4429DE1CB3006EA2D5 /* RenameFileView.swift */; };
		F853AB4729DE1CEC006EA2D5 /* CreateDirectoryView.swift in Sources */ = {isa = PBXBuildFile; fileRef = F853AB4629DE1CEC006EA2D5 /* CreateDirectoryView.swift */; };
		F853AB4929DE1D12006EA2D5 /* MoveFileView.swift in Sources */ = {isa = PBXBuildFile; fileRef = F853AB4829DE1D12006EA2D5 /* MoveFileView.swift */; };
		F853AB4B29DE21A8006EA2D5 /* CopyFileView.swift in Sources */ = {isa = PBXBuildFile; fileRef = F853AB4A29DE21A8006EA2D5 /* CopyFileView.swift */; };
		F853AB4F29DE57D8006EA2D5 /* AudioPlayerView.swift in Sources */ = {isa = PBXBuildFile; fileRef = F853AB4E29DE57D8006EA2D5 /* AudioPlayerView.swift */; };
		F853AB5329DE8AA1006EA2D5 /* SettingsView.swift in Sources */ = {isa = PBXBuildFile; fileRef = F853AB5229DE8AA1006EA2D5 /* SettingsView.swift */; };
		F853AB5529DE8B3B006EA2D5 /* FavoritesView.swift in Sources */ = {isa = PBXBuildFile; fileRef = F853AB5429DE8B3B006EA2D5 /* FavoritesView.swift */; };
		F853AB5729DE8B46006EA2D5 /* CreditsView.swift in Sources */ = {isa = PBXBuildFile; fileRef = F853AB5629DE8B46006EA2D5 /* CreditsView.swift */; };
		F853AB5929DE8C0E006EA2D5 /* SearchView.swift in Sources */ = {isa = PBXBuildFile; fileRef = F853AB5829DE8C0E006EA2D5 /* SearchView.swift */; };
		F853AB5B29E09F8A006EA2D5 /* AddToFavoritesView.swift in Sources */ = {isa = PBXBuildFile; fileRef = F853AB5A29E09F8A006EA2D5 /* AddToFavoritesView.swift */; };
		F858CD1E2A477B3C00C94A8F /* RootHelper in Resources */ = {isa = PBXBuildFile; fileRef = F8F855C32A47770700DC9CE4 /* RootHelper */; };
		F88CC49D2A44ADC7001FACFC /* Zip in Frameworks */ = {isa = PBXBuildFile; productRef = F88CC49C2A44ADC7001FACFC /* Zip */; };
		F88CC4A02A44AE40001FACFC /* SF Mono.otf in Resources */ = {isa = PBXBuildFile; fileRef = F88CC49E2A44ADEB001FACFC /* SF Mono.otf */; };
		F88CC4A32A44B020001FACFC /* ApplicationsWrapper in Frameworks */ = {isa = PBXBuildFile; productRef = F88CC4A22A44B020001FACFC /* ApplicationsWrapper */; };
		F88CC4A52A44B020001FACFC /* AssetCatalogWrapper in Frameworks */ = {isa = PBXBuildFile; productRef = F88CC4A42A44B020001FACFC /* AssetCatalogWrapper */; };
		F88CC4A72A44B020001FACFC /* DiskImagesWrapper in Frameworks */ = {isa = PBXBuildFile; productRef = F88CC4A62A44B020001FACFC /* DiskImagesWrapper */; };
		F88CC4AB2A44B020001FACFC /* SVGWrapper in Frameworks */ = {isa = PBXBuildFile; productRef = F88CC4AA2A44B020001FACFC /* SVGWrapper */; };
		F88FBB0D2A2FEFA700E31EDA /* UIApplicationSuspend.m in Sources */ = {isa = PBXBuildFile; fileRef = F88FBB0C2A2FEFA700E31EDA /* UIApplicationSuspend.m */; };
		F898F66B2A1AFEC300F1B4E4 /* WebServerView.swift in Sources */ = {isa = PBXBuildFile; fileRef = F898F66A2A1AFEC300F1B4E4 /* WebServerView.swift */; };
		F8C1A5D429FB55F100DF4C23 /* MountPointsView.swift in Sources */ = {isa = PBXBuildFile; fileRef = F8C1A5D329FB55F100DF4C23 /* MountPointsView.swift */; };
		F8CC211F29E2762F008C7B88 /* ImageView.swift in Sources */ = {isa = PBXBuildFile; fileRef = F8CC211E29E2762F008C7B88 /* ImageView.swift */; };
		F8CC212329E4FFC5008C7B88 /* PlistView.swift in Sources */ = {isa = PBXBuildFile; fileRef = F8CC212229E4FFC5008C7B88 /* PlistView.swift */; };
		F8CC212729E5206B008C7B88 /* SpareViews.swift in Sources */ = {isa = PBXBuildFile; fileRef = F8CC212629E5206B008C7B88 /* SpareViews.swift */; };
		F8CC212F29E74DF4008C7B88 /* VideoPlayerView.swift in Sources */ = {isa = PBXBuildFile; fileRef = F8CC212E29E74DF4008C7B88 /* VideoPlayerView.swift */; };
		F8CC214429EB9503008C7B88 /* ZipFileView.swift in Sources */ = {isa = PBXBuildFile; fileRef = F8CC214329EB9503008C7B88 /* ZipFileView.swift */; };
		F8CC214629EF5838008C7B88 /* SpawnView.swift in Sources */ = {isa = PBXBuildFile; fileRef = F8CC214529EF5838008C7B88 /* SpawnView.swift */; };
		F8CC214829EFA165008C7B88 /* TextView.swift in Sources */ = {isa = PBXBuildFile; fileRef = F8CC214729EFA164008C7B88 /* TextView.swift */; };
		F8D5795E2A0F2D2D00FDA526 /* DpkgView.swift in Sources */ = {isa = PBXBuildFile; fileRef = F8D5795D2A0F2D2D00FDA526 /* DpkgView.swift */; };
		F8D579952A15D17F00FDA526 /* SwiftTryCatch.m in Sources */ = {isa = PBXBuildFile; fileRef = F8D579932A15D17F00FDA526 /* SwiftTryCatch.m */; };
		F8E9A9792A00B4A400706179 /* HexView.swift in Sources */ = {isa = PBXBuildFile; fileRef = F8E9A9782A00B4A400706179 /* HexView.swift */; };
		F8EA28D429F8C2710063206D /* CreateSymlinkView.swift in Sources */ = {isa = PBXBuildFile; fileRef = F8EA28D329F8C2710063206D /* CreateSymlinkView.swift */; };
		F8F855C62A47770700DC9CE4 /* RootHelper.swift in Sources */ = {isa = PBXBuildFile; fileRef = F8F855C52A47770700DC9CE4 /* RootHelper.swift */; };
/* End PBXBuildFile section */

/* Begin PBXFileReference section */
		F81F06852A759F9200460D51 /* going for a walk to take my mind off things for a bit.mp3 */ = {isa = PBXFileReference; lastKnownFileType = audio.mp3; path = "going for a walk to take my mind off things for a bit.mp3"; sourceTree = "<group>"; };
		F820951F2A2622D100DC6D79 /* CarView.swift */ = {isa = PBXFileReference; lastKnownFileType = sourcecode.swift; path = CarView.swift; sourceTree = "<group>"; };
		F83CB3BF2A41170F005BF95A /* FontView.swift */ = {isa = PBXFileReference; lastKnownFileType = sourcecode.swift; path = FontView.swift; sourceTree = "<group>"; };
		F83F052D2A297CDE00EB0720 /* Sheikah.ttf */ = {isa = PBXFileReference; lastKnownFileType = file; path = Sheikah.ttf; sourceTree = "<group>"; };
		F83F47D12A43782E00A4C47F /* CommandRunner.swift */ = {isa = PBXFileReference; fileEncoding = 4; lastKnownFileType = sourcecode.swift; path = CommandRunner.swift; sourceTree = "<group>"; };
		F84430612A43EF290042BAB5 /* Pogo-BridgingHeader.h */ = {isa = PBXFileReference; lastKnownFileType = sourcecode.c.h; path = "Pogo-BridgingHeader.h"; sourceTree = "<group>"; };
		F845C82929F4D77C0025AC0A /* en */ = {isa = PBXFileReference; lastKnownFileType = text.plist.strings; name = en; path = en.lproj/Localizable.strings; sourceTree = "<group>"; };
		F845C82E29F6247A0025AC0A /* EThree.swift */ = {isa = PBXFileReference; lastKnownFileType = sourcecode.swift; path = EThree.swift; sourceTree = "<group>"; };
		F853AB2B29DBCB1A006EA2D5 /* Spartan.app */ = {isa = PBXFileReference; explicitFileType = wrapper.application; includeInIndex = 0; path = Spartan.app; sourceTree = BUILT_PRODUCTS_DIR; };
		F853AB2E29DBCB1A006EA2D5 /* SpartanApp.swift */ = {isa = PBXFileReference; lastKnownFileType = sourcecode.swift; path = SpartanApp.swift; sourceTree = "<group>"; };
		F853AB3029DBCB1A006EA2D5 /* ContentView.swift */ = {isa = PBXFileReference; lastKnownFileType = sourcecode.swift; path = ContentView.swift; sourceTree = "<group>"; };
		F853AB3229DBCB1E006EA2D5 /* Assets.xcassets */ = {isa = PBXFileReference; lastKnownFileType = folder.assetcatalog; path = Assets.xcassets; sourceTree = "<group>"; };
		F853AB4229DE1C41006EA2D5 /* CreateFileView.swift */ = {isa = PBXFileReference; lastKnownFileType = sourcecode.swift; path = CreateFileView.swift; sourceTree = "<group>"; };
		F853AB4429DE1CB3006EA2D5 /* RenameFileView.swift */ = {isa = PBXFileReference; lastKnownFileType = sourcecode.swift; path = RenameFileView.swift; sourceTree = "<group>"; };
		F853AB4629DE1CEC006EA2D5 /* CreateDirectoryView.swift */ = {isa = PBXFileReference; lastKnownFileType = sourcecode.swift; path = CreateDirectoryView.swift; sourceTree = "<group>"; };
		F853AB4829DE1D12006EA2D5 /* MoveFileView.swift */ = {isa = PBXFileReference; lastKnownFileType = sourcecode.swift; path = MoveFileView.swift; sourceTree = "<group>"; };
		F853AB4A29DE21A8006EA2D5 /* CopyFileView.swift */ = {isa = PBXFileReference; lastKnownFileType = sourcecode.swift; path = CopyFileView.swift; sourceTree = "<group>"; };
		F853AB4E29DE57D8006EA2D5 /* AudioPlayerView.swift */ = {isa = PBXFileReference; lastKnownFileType = sourcecode.swift; path = AudioPlayerView.swift; sourceTree = "<group>"; };
		F853AB5229DE8AA1006EA2D5 /* SettingsView.swift */ = {isa = PBXFileReference; lastKnownFileType = sourcecode.swift; path = SettingsView.swift; sourceTree = "<group>"; };
		F853AB5429DE8B3B006EA2D5 /* FavoritesView.swift */ = {isa = PBXFileReference; lastKnownFileType = sourcecode.swift; path = FavoritesView.swift; sourceTree = "<group>"; };
		F853AB5629DE8B46006EA2D5 /* CreditsView.swift */ = {isa = PBXFileReference; lastKnownFileType = sourcecode.swift; path = CreditsView.swift; sourceTree = "<group>"; };
		F853AB5829DE8C0E006EA2D5 /* SearchView.swift */ = {isa = PBXFileReference; lastKnownFileType = sourcecode.swift; path = SearchView.swift; sourceTree = "<group>"; };
		F853AB5A29E09F8A006EA2D5 /* AddToFavoritesView.swift */ = {isa = PBXFileReference; lastKnownFileType = sourcecode.swift; path = AddToFavoritesView.swift; sourceTree = "<group>"; };
		F88CC49E2A44ADEB001FACFC /* SF Mono.otf */ = {isa = PBXFileReference; lastKnownFileType = file; path = "SF Mono.otf"; sourceTree = "<group>"; };
		F88FBB0B2A2FEF9000E31EDA /* UIApplicationSuspend.h */ = {isa = PBXFileReference; lastKnownFileType = sourcecode.c.h; path = UIApplicationSuspend.h; sourceTree = "<group>"; };
		F88FBB0C2A2FEFA700E31EDA /* UIApplicationSuspend.m */ = {isa = PBXFileReference; lastKnownFileType = sourcecode.c.objc; path = UIApplicationSuspend.m; sourceTree = "<group>"; };
		F898F66A2A1AFEC300F1B4E4 /* WebServerView.swift */ = {isa = PBXFileReference; lastKnownFileType = sourcecode.swift; path = WebServerView.swift; sourceTree = "<group>"; };
		F8C1A5D329FB55F100DF4C23 /* MountPointsView.swift */ = {isa = PBXFileReference; lastKnownFileType = sourcecode.swift; path = MountPointsView.swift; sourceTree = "<group>"; };
		F8CC211E29E2762F008C7B88 /* ImageView.swift */ = {isa = PBXFileReference; lastKnownFileType = sourcecode.swift; path = ImageView.swift; sourceTree = "<group>"; };
		F8CC212229E4FFC5008C7B88 /* PlistView.swift */ = {isa = PBXFileReference; lastKnownFileType = sourcecode.swift; path = PlistView.swift; sourceTree = "<group>"; };
		F8CC212629E5206B008C7B88 /* SpareViews.swift */ = {isa = PBXFileReference; lastKnownFileType = sourcecode.swift; path = SpareViews.swift; sourceTree = "<group>"; };
		F8CC212E29E74DF4008C7B88 /* VideoPlayerView.swift */ = {isa = PBXFileReference; lastKnownFileType = sourcecode.swift; path = VideoPlayerView.swift; sourceTree = "<group>"; };
		F8CC214329EB9503008C7B88 /* ZipFileView.swift */ = {isa = PBXFileReference; lastKnownFileType = sourcecode.swift; path = ZipFileView.swift; sourceTree = "<group>"; };
		F8CC214529EF5838008C7B88 /* SpawnView.swift */ = {isa = PBXFileReference; lastKnownFileType = sourcecode.swift; path = SpawnView.swift; sourceTree = "<group>"; };
		F8CC214729EFA164008C7B88 /* TextView.swift */ = {isa = PBXFileReference; lastKnownFileType = sourcecode.swift; path = TextView.swift; sourceTree = "<group>"; };
		F8D5795D2A0F2D2D00FDA526 /* DpkgView.swift */ = {isa = PBXFileReference; lastKnownFileType = sourcecode.swift; path = DpkgView.swift; sourceTree = "<group>"; };
		F8D579652A11D1D100FDA526 /* Spartan-Bridging-Header.h */ = {isa = PBXFileReference; lastKnownFileType = sourcecode.c.h; path = "Spartan-Bridging-Header.h"; sourceTree = "<group>"; };
		F8D579932A15D17F00FDA526 /* SwiftTryCatch.m */ = {isa = PBXFileReference; fileEncoding = 4; lastKnownFileType = sourcecode.c.objc; path = SwiftTryCatch.m; sourceTree = "<group>"; };
		F8D579942A15D17F00FDA526 /* SwiftTryCatch.h */ = {isa = PBXFileReference; fileEncoding = 4; lastKnownFileType = sourcecode.c.h; path = SwiftTryCatch.h; sourceTree = "<group>"; };
		F8E9A9782A00B4A400706179 /* HexView.swift */ = {isa = PBXFileReference; lastKnownFileType = sourcecode.swift; path = HexView.swift; sourceTree = "<group>"; };
		F8EA28D329F8C2710063206D /* CreateSymlinkView.swift */ = {isa = PBXFileReference; lastKnownFileType = sourcecode.swift; path = CreateSymlinkView.swift; sourceTree = "<group>"; };
		F8F855C32A47770700DC9CE4 /* RootHelper */ = {isa = PBXFileReference; explicitFileType = "compiled.mach-o.dylib"; includeInIndex = 0; path = RootHelper; sourceTree = BUILT_PRODUCTS_DIR; };
		F8F855C52A47770700DC9CE4 /* RootHelper.swift */ = {isa = PBXFileReference; lastKnownFileType = sourcecode.swift; path = RootHelper.swift; sourceTree = "<group>"; };
/* End PBXFileReference section */

/* Begin PBXFrameworksBuildPhase section */
		F853AB2829DBCB1A006EA2D5 /* Frameworks */ = {
			isa = PBXFrameworksBuildPhase;
			buildActionMask = 2147483647;
			files = (
				F88CC49D2A44ADC7001FACFC /* Zip in Frameworks */,
				F88CC4A72A44B020001FACFC /* DiskImagesWrapper in Frameworks */,
				F88CC4A32A44B020001FACFC /* ApplicationsWrapper in Frameworks */,
				F88CC4AB2A44B020001FACFC /* SVGWrapper in Frameworks */,
				F88CC4A52A44B020001FACFC /* AssetCatalogWrapper in Frameworks */,
			);
			runOnlyForDeploymentPostprocessing = 0;
		};
		F8F855C02A47770700DC9CE4 /* Frameworks */ = {
			isa = PBXFrameworksBuildPhase;
			buildActionMask = 2147483647;
			files = (
			);
			runOnlyForDeploymentPostprocessing = 0;
		};
/* End PBXFrameworksBuildPhase section */

/* Begin PBXGroup section */
		F83F47D02A43781000A4C47F /* External */ = {
			isa = PBXGroup;
			children = (
				F84430612A43EF290042BAB5 /* Pogo-BridgingHeader.h */,
				F8D579942A15D17F00FDA526 /* SwiftTryCatch.h */,
				F8D579932A15D17F00FDA526 /* SwiftTryCatch.m */,
				F83F47D12A43782E00A4C47F /* CommandRunner.swift */,
			);
			path = External;
			sourceTree = "<group>";
		};
		F853AB2229DBCB1A006EA2D5 = {
			isa = PBXGroup;
			children = (
				F81F06852A759F9200460D51 /* going for a walk to take my mind off things for a bit.mp3 */,
				F8F855C42A47770700DC9CE4 /* RootHelper */,
				F853AB2C29DBCB1A006EA2D5 /* Products */,
				F83F47D02A43781000A4C47F /* External */,
				F853AB2D29DBCB1A006EA2D5 /* Spartan */,
			);
			sourceTree = "<group>";
		};
		F853AB2C29DBCB1A006EA2D5 /* Products */ = {
			isa = PBXGroup;
			children = (
				F853AB2B29DBCB1A006EA2D5 /* Spartan.app */,
				F8F855C32A47770700DC9CE4 /* RootHelper */,
			);
			name = Products;
			sourceTree = "<group>";
		};
		F853AB2D29DBCB1A006EA2D5 /* Spartan */ = {
			isa = PBXGroup;
			children = (
				F88FBB0B2A2FEF9000E31EDA /* UIApplicationSuspend.h */,
				F88FBB0C2A2FEFA700E31EDA /* UIApplicationSuspend.m */,
				F8D579652A11D1D100FDA526 /* Spartan-Bridging-Header.h */,
				F853AB2E29DBCB1A006EA2D5 /* SpartanApp.swift */,
				F853AB3029DBCB1A006EA2D5 /* ContentView.swift */,
				F8EA28D229F8ACCF0063206D /* ButtonActions */,
				F8EA28D129F8ACAB0063206D /* FileOpeners */,
				F8CC212629E5206B008C7B88 /* SpareViews.swift */,
				F845C82E29F6247A0025AC0A /* EThree.swift */,
				F853AB3229DBCB1E006EA2D5 /* Assets.xcassets */,
				F845C82A29F4D77C0025AC0A /* Localizable.strings */,
				F83F052D2A297CDE00EB0720 /* Sheikah.ttf */,
				F88CC49E2A44ADEB001FACFC /* SF Mono.otf */,
			);
			path = Spartan;
			sourceTree = "<group>";
		};
		F8EA28D129F8ACAB0063206D /* FileOpeners */ = {
			isa = PBXGroup;
			children = (
				F853AB4E29DE57D8006EA2D5 /* AudioPlayerView.swift */,
				F8CC212E29E74DF4008C7B88 /* VideoPlayerView.swift */,
				F8CC211E29E2762F008C7B88 /* ImageView.swift */,
				F8CC214729EFA164008C7B88 /* TextView.swift */,
				F8E9A9782A00B4A400706179 /* HexView.swift */,
				F8CC212229E4FFC5008C7B88 /* PlistView.swift */,
				F8D5795D2A0F2D2D00FDA526 /* DpkgView.swift */,
				F8CC214329EB9503008C7B88 /* ZipFileView.swift */,
				F8CC214529EF5838008C7B88 /* SpawnView.swift */,
				F820951F2A2622D100DC6D79 /* CarView.swift */,
				F83CB3BF2A41170F005BF95A /* FontView.swift */,
			);
			path = FileOpeners;
			sourceTree = "<group>";
		};
		F8EA28D229F8ACCF0063206D /* ButtonActions */ = {
			isa = PBXGroup;
			children = (
				F853AB4429DE1CB3006EA2D5 /* RenameFileView.swift */,
				F853AB4829DE1D12006EA2D5 /* MoveFileView.swift */,
				F853AB4A29DE21A8006EA2D5 /* CopyFileView.swift */,
				F853AB5829DE8C0E006EA2D5 /* SearchView.swift */,
				F853AB5429DE8B3B006EA2D5 /* FavoritesView.swift */,
				F853AB5A29E09F8A006EA2D5 /* AddToFavoritesView.swift */,
				F853AB4229DE1C41006EA2D5 /* CreateFileView.swift */,
				F853AB4629DE1CEC006EA2D5 /* CreateDirectoryView.swift */,
				F8EA28D329F8C2710063206D /* CreateSymlinkView.swift */,
				F853AB5229DE8AA1006EA2D5 /* SettingsView.swift */,
				F853AB5629DE8B46006EA2D5 /* CreditsView.swift */,
				F8C1A5D329FB55F100DF4C23 /* MountPointsView.swift */,
				F898F66A2A1AFEC300F1B4E4 /* WebServerView.swift */,
			);
			path = ButtonActions;
			sourceTree = "<group>";
		};
		F8F855C42A47770700DC9CE4 /* RootHelper */ = {
			isa = PBXGroup;
			children = (
				F8F855C52A47770700DC9CE4 /* RootHelper.swift */,
			);
			path = RootHelper;
			sourceTree = "<group>";
		};
/* End PBXGroup section */

/* Begin PBXNativeTarget section */
		F853AB2A29DBCB1A006EA2D5 /* Spartan */ = {
			isa = PBXNativeTarget;
			buildConfigurationList = F853AB3929DBCB1E006EA2D5 /* Build configuration list for PBXNativeTarget "Spartan" */;
			buildPhases = (
				F853AB2729DBCB1A006EA2D5 /* Sources */,
				F853AB2829DBCB1A006EA2D5 /* Frameworks */,
				F853AB2929DBCB1A006EA2D5 /* Resources */,
				F88CC4AE2A44B542001FACFC /* ShellScript */,
			);
			buildRules = (
			);
			dependencies = (
			);
			name = Spartan;
			packageProductDependencies = (
				F88CC49C2A44ADC7001FACFC /* Zip */,
				F88CC4A22A44B020001FACFC /* ApplicationsWrapper */,
				F88CC4A42A44B020001FACFC /* AssetCatalogWrapper */,
				F88CC4A62A44B020001FACFC /* DiskImagesWrapper */,
				F88CC4AA2A44B020001FACFC /* SVGWrapper */,
			);
			productName = Spartan;
			productReference = F853AB2B29DBCB1A006EA2D5 /* Spartan.app */;
			productType = "com.apple.product-type.application";
		};
		F8F855C22A47770700DC9CE4 /* RootHelper */ = {
			isa = PBXNativeTarget;
			buildConfigurationList = F8F855C72A47770700DC9CE4 /* Build configuration list for PBXNativeTarget "RootHelper" */;
			buildPhases = (
				F8F855BF2A47770700DC9CE4 /* Sources */,
				F8F855C02A47770700DC9CE4 /* Frameworks */,
			);
			buildRules = (
			);
			dependencies = (
			);
			name = RootHelper;
			productName = RootHelper;
			productReference = F8F855C32A47770700DC9CE4 /* RootHelper */;
			productType = "com.apple.product-type.library.dynamic";
		};
/* End PBXNativeTarget section */

/* Begin PBXProject section */
		F853AB2329DBCB1A006EA2D5 /* Project object */ = {
			isa = PBXProject;
			attributes = {
				BuildIndependentTargetsInParallel = 1;
				KnownAssetTags = (
					New,
				);
				LastSwiftUpdateCheck = 1500;
				LastUpgradeCheck = 1500;
				TargetAttributes = {
					F853AB2A29DBCB1A006EA2D5 = {
						CreatedOnToolsVersion = 14.3;
						LastSwiftMigration = 1430;
					};
					F8F855C22A47770700DC9CE4 = {
						CreatedOnToolsVersion = 15.0;
					};
				};
			};
			buildConfigurationList = F853AB2629DBCB1A006EA2D5 /* Build configuration list for PBXProject "Spartan" */;
			compatibilityVersion = "Xcode 14.0";
			developmentRegion = en;
			hasScannedForEncodings = 0;
			knownRegions = (
				en,
				Base,
			);
			mainGroup = F853AB2229DBCB1A006EA2D5;
			packageReferences = (
				F88CC49B2A44ADC7001FACFC /* XCRemoteSwiftPackageReference "Zip" */,
				F88CC4A12A44B020001FACFC /* XCRemoteSwiftPackageReference "PrivateKits-tvOS" */,
			);
			productRefGroup = F853AB2C29DBCB1A006EA2D5 /* Products */;
			projectDirPath = "";
			projectRoot = "";
			targets = (
				F853AB2A29DBCB1A006EA2D5 /* Spartan */,
				F8F855C22A47770700DC9CE4 /* RootHelper */,
			);
		};
/* End PBXProject section */

/* Begin PBXResourcesBuildPhase section */
		F853AB2929DBCB1A006EA2D5 /* Resources */ = {
			isa = PBXResourcesBuildPhase;
			buildActionMask = 2147483647;
			files = (
				F858CD1E2A477B3C00C94A8F /* RootHelper in Resources */,
				F81F06862A759F9200460D51 /* going for a walk to take my mind off things for a bit.mp3 in Resources */,
				F88CC4A02A44AE40001FACFC /* SF Mono.otf in Resources */,
				F83F052E2A297E2000EB0720 /* Sheikah.ttf in Resources */,
				F845C82829F4D77C0025AC0A /* Localizable.strings in Resources */,
				F853AB3329DBCB1E006EA2D5 /* Assets.xcassets in Resources */,
			);
			runOnlyForDeploymentPostprocessing = 0;
		};
/* End PBXResourcesBuildPhase section */

/* Begin PBXShellScriptBuildPhase section */
		F88CC4AE2A44B542001FACFC /* ShellScript */ = {
			isa = PBXShellScriptBuildPhase;
			alwaysOutOfDate = 1;
			buildActionMask = 2147483647;
			files = (
			);
			inputFileListPaths = (
			);
			inputPaths = (
			);
			outputFileListPaths = (
			);
			outputPaths = (
			);
			runOnlyForDeploymentPostprocessing = 0;
			shellPath = /Library/Frameworks/Python.framework/Versions/2.7/bin/python2;
			shellScript = "# This adds entitlements necessary for jailbroken functions. If you don't have patched installd (whether by jailbreak or WDBRemoveThreeAppLimit) this will cause the install to fail, so comment it out.\n\nimport os\nfilename = '/'.join(map(os.environ.get, ('TARGET_TEMP_DIR', 'FULL_PRODUCT_NAME'))) + '.xcent'\n\nent = '''\n    <key>com.apple.private.persona-mgmt</key>\n    <true/>\n    <key>com.apple.private.security.no-container</key>\n\t<true/>\n\t<key>com.apple.private.security.no-sandbox</key>\n\t<true/>\n    <key>platform-application</key>\n    <true/>\n    <key>com.apple.private.security.system-application</key>\n\t<true/>\n    <key>com.apple.security.files.user-selected.read-write</key>\n    <true/>\n    <key>com.apple.private.skip-library-validation</key>\n\t<true/>\n\t<key>com.apple.security.iokit-user-client-class</key>\n\t<array>\n\t\t<string>IOSurfaceRootUserClient</string>\n\t\t<string>AGXDeviceUserClient</string>\n\t</array>\n\t<key>com.apple.security.exception.files.absolute-path.read-write</key>\n\t<array>\n\t\t<string>/</string>\n\t</array>\n\t<key>com.apple.AutoWake-write-access</key>\n\t<true/>\n    <key>com.apple.coremedia.allow-protected-content-playback</key>\n    <true/>\n    <key>com.apple.private.network.socket-delegate</key>\n    <true/>\n    <key>com.apple.private.security.container-manager</key>\n    <true/>\n    <key>com.apple.private.security.storage.AppDataContainers</key>\n    <true/>\n    <key>com.apple.private.security.storage.AppBundles</key>\n    <true/>\n    <key>com.apple.security.application-groups</key>\n    <true/>\n    <key>com.apple.security.network.server</key>\n    <true/>\n    <key>com.apple.security.network.client</key>\n    <true/>\n '''\nwith open(filename, 'r') as fp:\n    buf = fp.read()\ncursor = buf.rfind('</dict>')\noutput = buf[0:cursor] + ent + buf[cursor:]\nwith open(filename, 'w') as fp:\n    fp.write(output)\n";
		};
/* End PBXShellScriptBuildPhase section */

/* Begin PBXSourcesBuildPhase section */
		F853AB2729DBCB1A006EA2D5 /* Sources */ = {
			isa = PBXSourcesBuildPhase;
			buildActionMask = 2147483647;
			files = (
				F853AB5529DE8B3B006EA2D5 /* FavoritesView.swift in Sources */,
				F853AB3129DBCB1A006EA2D5 /* ContentView.swift in Sources */,
				F8C1A5D429FB55F100DF4C23 /* MountPointsView.swift in Sources */,
				F8D579952A15D17F00FDA526 /* SwiftTryCatch.m in Sources */,
				F8CC214829EFA165008C7B88 /* TextView.swift in Sources */,
				F853AB4B29DE21A8006EA2D5 /* CopyFileView.swift in Sources */,
				F8CC212329E4FFC5008C7B88 /* PlistView.swift in Sources */,
				F853AB4929DE1D12006EA2D5 /* MoveFileView.swift in Sources */,
				F8E9A9792A00B4A400706179 /* HexView.swift in Sources */,
				F8CC214429EB9503008C7B88 /* ZipFileView.swift in Sources */,
				F853AB4329DE1C41006EA2D5 /* CreateFileView.swift in Sources */,
				F853AB4729DE1CEC006EA2D5 /* CreateDirectoryView.swift in Sources */,
				F853AB5329DE8AA1006EA2D5 /* SettingsView.swift in Sources */,
				F8CC211F29E2762F008C7B88 /* ImageView.swift in Sources */,
				F8CC212729E5206B008C7B88 /* SpareViews.swift in Sources */,
				F853AB5B29E09F8A006EA2D5 /* AddToFavoritesView.swift in Sources */,
				F83F47D22A43782E00A4C47F /* CommandRunner.swift in Sources */,
				F8EA28D429F8C2710063206D /* CreateSymlinkView.swift in Sources */,
				F898F66B2A1AFEC300F1B4E4 /* WebServerView.swift in Sources */,
				F853AB4F29DE57D8006EA2D5 /* AudioPlayerView.swift in Sources */,
				F8CC214629EF5838008C7B88 /* SpawnView.swift in Sources */,
				F88FBB0D2A2FEFA700E31EDA /* UIApplicationSuspend.m in Sources */,
				F8CC212F29E74DF4008C7B88 /* VideoPlayerView.swift in Sources */,
				F853AB5929DE8C0E006EA2D5 /* SearchView.swift in Sources */,
				F82095202A2622D100DC6D79 /* CarView.swift in Sources */,
				F845C82F29F6247A0025AC0A /* EThree.swift in Sources */,
				F853AB4529DE1CB3006EA2D5 /* RenameFileView.swift in Sources */,
				F853AB5729DE8B46006EA2D5 /* CreditsView.swift in Sources */,
				F8D5795E2A0F2D2D00FDA526 /* DpkgView.swift in Sources */,
				F853AB2F29DBCB1A006EA2D5 /* SpartanApp.swift in Sources */,
				F83CB3C02A41170F005BF95A /* FontView.swift in Sources */,
			);
			runOnlyForDeploymentPostprocessing = 0;
		};
		F8F855BF2A47770700DC9CE4 /* Sources */ = {
			isa = PBXSourcesBuildPhase;
			buildActionMask = 2147483647;
			files = (
				F8F855C62A47770700DC9CE4 /* RootHelper.swift in Sources */,
			);
			runOnlyForDeploymentPostprocessing = 0;
		};
/* End PBXSourcesBuildPhase section */

/* Begin PBXVariantGroup section */
		F845C82A29F4D77C0025AC0A /* Localizable.strings */ = {
			isa = PBXVariantGroup;
			children = (
				F845C82929F4D77C0025AC0A /* en */,
			);
			name = Localizable.strings;
			sourceTree = "<group>";
		};
/* End PBXVariantGroup section */

/* Begin XCBuildConfiguration section */
		F853AB3729DBCB1E006EA2D5 /* Debug */ = {
			isa = XCBuildConfiguration;
			buildSettings = {
				ALWAYS_SEARCH_USER_PATHS = NO;
				CLANG_ANALYZER_LOCALIZABILITY_NONLOCALIZED = YES;
				CLANG_ANALYZER_NONNULL = YES;
				CLANG_ANALYZER_NUMBER_OBJECT_CONVERSION = YES_AGGRESSIVE;
				CLANG_CXX_LANGUAGE_STANDARD = "gnu++20";
				CLANG_ENABLE_MODULES = YES;
				CLANG_ENABLE_OBJC_ARC = YES;
				CLANG_ENABLE_OBJC_WEAK = YES;
				CLANG_WARN_BLOCK_CAPTURE_AUTORELEASING = YES;
				CLANG_WARN_BOOL_CONVERSION = YES;
				CLANG_WARN_COMMA = YES;
				CLANG_WARN_CONSTANT_CONVERSION = YES;
				CLANG_WARN_DEPRECATED_OBJC_IMPLEMENTATIONS = YES;
				CLANG_WARN_DIRECT_OBJC_ISA_USAGE = YES_ERROR;
				CLANG_WARN_DOCUMENTATION_COMMENTS = YES;
				CLANG_WARN_EMPTY_BODY = YES;
				CLANG_WARN_ENUM_CONVERSION = YES;
				CLANG_WARN_INFINITE_RECURSION = YES;
				CLANG_WARN_INT_CONVERSION = YES;
				CLANG_WARN_NON_LITERAL_NULL_CONVERSION = YES;
				CLANG_WARN_OBJC_IMPLICIT_RETAIN_SELF = YES;
				CLANG_WARN_OBJC_LITERAL_CONVERSION = YES;
				CLANG_WARN_OBJC_ROOT_CLASS = YES_ERROR;
				CLANG_WARN_QUOTED_INCLUDE_IN_FRAMEWORK_HEADER = YES;
				CLANG_WARN_RANGE_LOOP_ANALYSIS = YES;
				CLANG_WARN_STRICT_PROTOTYPES = YES;
				CLANG_WARN_SUSPICIOUS_MOVE = YES;
				CLANG_WARN_UNGUARDED_AVAILABILITY = YES_AGGRESSIVE;
				CLANG_WARN_UNREACHABLE_CODE = YES;
				CLANG_WARN__DUPLICATE_METHOD_MATCH = YES;
				CODE_SIGN_ENTITLEMENTS = "";
				CODE_SIGN_IDENTITY = "Apple Development";
				COPY_PHASE_STRIP = NO;
				DEBUG_INFORMATION_FORMAT = dwarf;
				ENABLE_STRICT_OBJC_MSGSEND = YES;
				ENABLE_TESTABILITY = YES;
				GCC_C_LANGUAGE_STANDARD = gnu11;
				GCC_DYNAMIC_NO_PIC = NO;
				GCC_NO_COMMON_BLOCKS = YES;
				GCC_OPTIMIZATION_LEVEL = 0;
				GCC_PREPROCESSOR_DEFINITIONS = (
					"DEBUG=1",
					"$(inherited)",
				);
				GCC_WARN_64_TO_32_BIT_CONVERSION = YES;
				GCC_WARN_ABOUT_RETURN_TYPE = YES_ERROR;
				GCC_WARN_UNDECLARED_SELECTOR = YES;
				GCC_WARN_UNINITIALIZED_AUTOS = YES_AGGRESSIVE;
				GCC_WARN_UNUSED_FUNCTION = YES;
				GCC_WARN_UNUSED_VARIABLE = YES;
				IPHONEOS_DEPLOYMENT_TARGET = 13.0;
				MTL_ENABLE_DEBUG_INFO = INCLUDE_SOURCE;
				MTL_FAST_MATH = YES;
				ONLY_ACTIVE_ARCH = YES;
				OTHER_CODE_SIGN_FLAGS = "";
				SDKROOT = appletvos;
				SWIFT_ACTIVE_COMPILATION_CONDITIONS = DEBUG;
				SWIFT_OBJC_BRIDGING_HEADER = "";
				"SWIFT_OBJC_BRIDGING_HEADER[arch=*]" = "";
				SWIFT_OPTIMIZATION_LEVEL = "-Onone";
				TVOS_DEPLOYMENT_TARGET = 13.0;
			};
			name = Debug;
		};
		F853AB3829DBCB1E006EA2D5 /* Release */ = {
			isa = XCBuildConfiguration;
			buildSettings = {
				ALWAYS_SEARCH_USER_PATHS = NO;
				CLANG_ANALYZER_LOCALIZABILITY_NONLOCALIZED = YES;
				CLANG_ANALYZER_NONNULL = YES;
				CLANG_ANALYZER_NUMBER_OBJECT_CONVERSION = YES_AGGRESSIVE;
				CLANG_CXX_LANGUAGE_STANDARD = "gnu++20";
				CLANG_ENABLE_MODULES = YES;
				CLANG_ENABLE_OBJC_ARC = YES;
				CLANG_ENABLE_OBJC_WEAK = YES;
				CLANG_WARN_BLOCK_CAPTURE_AUTORELEASING = YES;
				CLANG_WARN_BOOL_CONVERSION = YES;
				CLANG_WARN_COMMA = YES;
				CLANG_WARN_CONSTANT_CONVERSION = YES;
				CLANG_WARN_DEPRECATED_OBJC_IMPLEMENTATIONS = YES;
				CLANG_WARN_DIRECT_OBJC_ISA_USAGE = YES_ERROR;
				CLANG_WARN_DOCUMENTATION_COMMENTS = YES;
				CLANG_WARN_EMPTY_BODY = YES;
				CLANG_WARN_ENUM_CONVERSION = YES;
				CLANG_WARN_INFINITE_RECURSION = YES;
				CLANG_WARN_INT_CONVERSION = YES;
				CLANG_WARN_NON_LITERAL_NULL_CONVERSION = YES;
				CLANG_WARN_OBJC_IMPLICIT_RETAIN_SELF = YES;
				CLANG_WARN_OBJC_LITERAL_CONVERSION = YES;
				CLANG_WARN_OBJC_ROOT_CLASS = YES_ERROR;
				CLANG_WARN_QUOTED_INCLUDE_IN_FRAMEWORK_HEADER = YES;
				CLANG_WARN_RANGE_LOOP_ANALYSIS = YES;
				CLANG_WARN_STRICT_PROTOTYPES = YES;
				CLANG_WARN_SUSPICIOUS_MOVE = YES;
				CLANG_WARN_UNGUARDED_AVAILABILITY = YES_AGGRESSIVE;
				CLANG_WARN_UNREACHABLE_CODE = YES;
				CLANG_WARN__DUPLICATE_METHOD_MATCH = YES;
				CODE_SIGN_ENTITLEMENTS = "";
				CODE_SIGN_IDENTITY = "Apple Development";
				COPY_PHASE_STRIP = NO;
				DEBUG_INFORMATION_FORMAT = "dwarf-with-dsym";
				ENABLE_NS_ASSERTIONS = NO;
				ENABLE_STRICT_OBJC_MSGSEND = YES;
				GCC_C_LANGUAGE_STANDARD = gnu11;
				GCC_NO_COMMON_BLOCKS = YES;
				GCC_WARN_64_TO_32_BIT_CONVERSION = YES;
				GCC_WARN_ABOUT_RETURN_TYPE = YES_ERROR;
				GCC_WARN_UNDECLARED_SELECTOR = YES;
				GCC_WARN_UNINITIALIZED_AUTOS = YES_AGGRESSIVE;
				GCC_WARN_UNUSED_FUNCTION = YES;
				GCC_WARN_UNUSED_VARIABLE = YES;
				IPHONEOS_DEPLOYMENT_TARGET = 13.0;
				MTL_ENABLE_DEBUG_INFO = NO;
				MTL_FAST_MATH = YES;
				ONLY_ACTIVE_ARCH = YES;
				OTHER_CODE_SIGN_FLAGS = "";
				SDKROOT = appletvos;
				SWIFT_COMPILATION_MODE = wholemodule;
				SWIFT_OBJC_BRIDGING_HEADER = "";
				"SWIFT_OBJC_BRIDGING_HEADER[arch=*]" = "";
				SWIFT_OPTIMIZATION_LEVEL = "-O";
				TVOS_DEPLOYMENT_TARGET = 13.0;
				VALIDATE_PRODUCT = YES;
			};
			name = Release;
		};
		F853AB3A29DBCB1E006EA2D5 /* Debug */ = {
			isa = XCBuildConfiguration;
			buildSettings = {
				ASSETCATALOG_COMPILER_APPICON_NAME = "App Icon & Top Shelf Image";
				ASSETCATALOG_COMPILER_GLOBAL_ACCENT_COLOR_NAME = AccentColor;
				CLANG_ENABLE_MODULES = YES;
				CODE_SIGNING_ALLOWED = NO;
				CODE_SIGN_IDENTITY = "Apple Development";
				CODE_SIGN_STYLE = Automatic;
				CURRENT_PROJECT_VERSION = 1901;
				DEPLOYMENT_LOCATION = YES;
				DEPLOYMENT_POSTPROCESSING = NO;
				DEVELOPMENT_ASSET_PATHS = "";
				DEVELOPMENT_TEAM = DK2B92MAN7;
				DSTROOT = "";
				ENABLE_PREVIEWS = YES;
				FRAMEWORK_SEARCH_PATHS = (
					"$(inherited)",
					"$(PROJECT_DIR)/Spartan",
					"$(PROJECT_DIR)",
				);
				GENERATE_INFOPLIST_FILE = YES;
				INFOPLIST_FILE = Spartan/Info.plist;
				INFOPLIST_KEY_CFBundleDisplayName = Spartan;
				INFOPLIST_KEY_LSApplicationCategoryType = "public.app-category.utilities";
				INFOPLIST_KEY_UIRequiredDeviceCapabilities = arm64;
				INFOPLIST_KEY_UIUserInterfaceStyle = Automatic;
				IPHONEOS_DEPLOYMENT_TARGET = 13.0;
				LD_RUNPATH_SEARCH_PATHS = (
					"$(inherited)",
					"@executable_path/Frameworks",
				);
				LIBRARY_SEARCH_PATHS = (
					"$(inherited)",
					/usr/local/Cellar/libssh2/1.11.0/lib,
				);
				MARKETING_VERSION = 0.6;
				PRODUCT_BUNDLE_IDENTIFIER = com.whitetailani.Spartan;
				PRODUCT_NAME = "$(TARGET_NAME)";
				PROVISIONING_PROFILE_SPECIFIER = "";
				SUPPORTED_PLATFORMS = "appletvos appletvsimulator";
				SUPPORTS_MACCATALYST = NO;
				SUPPORTS_MAC_DESIGNED_FOR_IPHONE_IPAD = NO;
				SWIFT_EMIT_LOC_STRINGS = YES;
				SWIFT_OBJC_BRIDGING_HEADER = "Spartan/Spartan-Bridging-Header.h";
				"SWIFT_OBJC_BRIDGING_HEADER[arch=*]" = "Spartan/Spartan-Bridging-Header.h";
				SWIFT_OPTIMIZATION_LEVEL = "-Onone";
				SWIFT_VERSION = 5.0;
				TARGETED_DEVICE_FAMILY = 3;
				TVOS_DEPLOYMENT_TARGET = 13.0;
				VALIDATE_PRODUCT = YES;
			};
			name = Debug;
		};
		F853AB3B29DBCB1E006EA2D5 /* Release */ = {
			isa = XCBuildConfiguration;
			buildSettings = {
				ASSETCATALOG_COMPILER_APPICON_NAME = "App Icon & Top Shelf Image";
				ASSETCATALOG_COMPILER_GLOBAL_ACCENT_COLOR_NAME = AccentColor;
				CLANG_ENABLE_MODULES = YES;
				CODE_SIGNING_ALLOWED = NO;
				CODE_SIGN_IDENTITY = "Apple Development";
				CODE_SIGN_STYLE = Automatic;
				CURRENT_PROJECT_VERSION = 1901;
				DEPLOYMENT_LOCATION = YES;
				DEPLOYMENT_POSTPROCESSING = NO;
				DEVELOPMENT_ASSET_PATHS = "";
				DEVELOPMENT_TEAM = DK2B92MAN7;
				DSTROOT = "";
				ENABLE_PREVIEWS = YES;
				FRAMEWORK_SEARCH_PATHS = (
					"$(inherited)",
					"$(PROJECT_DIR)/Spartan",
					"$(PROJECT_DIR)",
				);
				GENERATE_INFOPLIST_FILE = YES;
				INFOPLIST_FILE = Spartan/Info.plist;
				INFOPLIST_KEY_CFBundleDisplayName = Spartan;
				INFOPLIST_KEY_LSApplicationCategoryType = "public.app-category.utilities";
				INFOPLIST_KEY_UIRequiredDeviceCapabilities = arm64;
				INFOPLIST_KEY_UIUserInterfaceStyle = Automatic;
				IPHONEOS_DEPLOYMENT_TARGET = 13.0;
				LD_RUNPATH_SEARCH_PATHS = (
					"$(inherited)",
					"@executable_path/Frameworks",
				);
				LIBRARY_SEARCH_PATHS = (
					"$(inherited)",
					/usr/local/Cellar/libssh2/1.11.0/lib,
				);
				MARKETING_VERSION = 0.6;
				PRODUCT_BUNDLE_IDENTIFIER = lol.whitetailani.Spartan;
				PRODUCT_NAME = "$(TARGET_NAME)";
				PROVISIONING_PROFILE_SPECIFIER = "";
				SUPPORTED_PLATFORMS = "appletvos appletvsimulator";
				SUPPORTS_MACCATALYST = NO;
				SUPPORTS_MAC_DESIGNED_FOR_IPHONE_IPAD = NO;
				SWIFT_EMIT_LOC_STRINGS = YES;
				SWIFT_OBJC_BRIDGING_HEADER = "Spartan/Spartan-Bridging-Header.h";
				SWIFT_VERSION = 5.0;
				TARGETED_DEVICE_FAMILY = 3;
				TVOS_DEPLOYMENT_TARGET = 13.0;
			};
			name = Release;
		};
		F8F855C82A47770700DC9CE4 /* Debug */ = {
			isa = XCBuildConfiguration;
			buildSettings = {
				ASSETCATALOG_COMPILER_GENERATE_SWIFT_ASSET_SYMBOL_EXTENSIONS = YES;
				CODE_SIGN_STYLE = Automatic;
				CURRENT_PROJECT_VERSION = 1;
				DEVELOPMENT_TEAM = DK2B92MAN7;
				DYLIB_COMPATIBILITY_VERSION = "";
				DYLIB_CURRENT_VERSION = "";
				ENABLE_USER_SCRIPT_SANDBOXING = YES;
				ENABLE_USER_SELECTED_FILES = readwrite;
				EXECUTABLE_EXTENSION = "";
				EXECUTABLE_SUFFIX = "";
				GCC_C_LANGUAGE_STANDARD = gnu17;
				INFOPLIST_FILE = "$(SRCROOT)/RootHelper/Info.plist";
				LOCALIZATION_PREFERS_STRING_CATALOGS = YES;
				MACH_O_TYPE = mh_execute;
				MARKETING_VERSION = 1.0;
				OTHER_LDFLAGS = "-ObjC";
				PRODUCT_NAME = "$(TARGET_NAME)";
				SKIP_INSTALL = YES;
				SWIFT_ACTIVE_COMPILATION_CONDITIONS = "DEBUG $(inherited)";
				SWIFT_VERSION = 5.0;
				TARGETED_DEVICE_FAMILY = 3;
				TVOS_DEPLOYMENT_TARGET = 13.0;
			};
			name = Debug;
		};
		F8F855C92A47770700DC9CE4 /* Release */ = {
			isa = XCBuildConfiguration;
			buildSettings = {
				ASSETCATALOG_COMPILER_GENERATE_SWIFT_ASSET_SYMBOL_EXTENSIONS = YES;
				CODE_SIGN_STYLE = Automatic;
				CURRENT_PROJECT_VERSION = 1;
				DEVELOPMENT_TEAM = DK2B92MAN7;
				DYLIB_COMPATIBILITY_VERSION = "";
				DYLIB_CURRENT_VERSION = "";
				ENABLE_USER_SCRIPT_SANDBOXING = YES;
				ENABLE_USER_SELECTED_FILES = readwrite;
				EXECUTABLE_EXTENSION = "";
				EXECUTABLE_SUFFIX = "";
				GCC_C_LANGUAGE_STANDARD = gnu17;
				INFOPLIST_FILE = "$(SRCROOT)/RootHelper/Info.plist";
				LOCALIZATION_PREFERS_STRING_CATALOGS = YES;
				MACH_O_TYPE = mh_execute;
				MARKETING_VERSION = 1.0;
				OTHER_LDFLAGS = "-ObjC";
				PRODUCT_NAME = "$(TARGET_NAME)";
				SKIP_INSTALL = YES;
				SWIFT_VERSION = 5.0;
				TARGETED_DEVICE_FAMILY = 3;
				TVOS_DEPLOYMENT_TARGET = 13.0;
			};
			name = Release;
		};
/* End XCBuildConfiguration section */

/* Begin XCConfigurationList section */
		F853AB2629DBCB1A006EA2D5 /* Build configuration list for PBXProject "Spartan" */ = {
			isa = XCConfigurationList;
			buildConfigurations = (
				F853AB3729DBCB1E006EA2D5 /* Debug */,
				F853AB3829DBCB1E006EA2D5 /* Release */,
			);
			defaultConfigurationIsVisible = 0;
			defaultConfigurationName = Release;
		};
		F853AB3929DBCB1E006EA2D5 /* Build configuration list for PBXNativeTarget "Spartan" */ = {
			isa = XCConfigurationList;
			buildConfigurations = (
				F853AB3A29DBCB1E006EA2D5 /* Debug */,
				F853AB3B29DBCB1E006EA2D5 /* Release */,
			);
			defaultConfigurationIsVisible = 0;
			defaultConfigurationName = Release;
		};
		F8F855C72A47770700DC9CE4 /* Build configuration list for PBXNativeTarget "RootHelper" */ = {
			isa = XCConfigurationList;
			buildConfigurations = (
				F8F855C82A47770700DC9CE4 /* Debug */,
				F8F855C92A47770700DC9CE4 /* Release */,
			);
			defaultConfigurationIsVisible = 0;
			defaultConfigurationName = Release;
		};
/* End XCConfigurationList section */

/* Begin XCRemoteSwiftPackageReference section */
		F88CC49B2A44ADC7001FACFC /* XCRemoteSwiftPackageReference "Zip" */ = {
			isa = XCRemoteSwiftPackageReference;
			repositoryURL = "https://github.com/marmelroy/Zip";
			requirement = {
				kind = upToNextMajorVersion;
				minimumVersion = 2.1.2;
			};
		};
		F88CC4A12A44B020001FACFC /* XCRemoteSwiftPackageReference "PrivateKits-tvOS" */ = {
			isa = XCRemoteSwiftPackageReference;
			repositoryURL = "https://github.com/RealKGB/PrivateKits-tvOS";
			requirement = {
				kind = revision;
				revision = 0fa05d7707004bd10bf3f153f0c8d6781bc462f9;
			};
		};
/* End XCRemoteSwiftPackageReference section */

/* Begin XCSwiftPackageProductDependency section */
		F88CC49C2A44ADC7001FACFC /* Zip */ = {
			isa = XCSwiftPackageProductDependency;
			package = F88CC49B2A44ADC7001FACFC /* XCRemoteSwiftPackageReference "Zip" */;
			productName = Zip;
		};
		F88CC4A22A44B020001FACFC /* ApplicationsWrapper */ = {
			isa = XCSwiftPackageProductDependency;
			package = F88CC4A12A44B020001FACFC /* XCRemoteSwiftPackageReference "PrivateKits-tvOS" */;
			productName = ApplicationsWrapper;
		};
		F88CC4A42A44B020001FACFC /* AssetCatalogWrapper */ = {
			isa = XCSwiftPackageProductDependency;
			package = F88CC4A12A44B020001FACFC /* XCRemoteSwiftPackageReference "PrivateKits-tvOS" */;
			productName = AssetCatalogWrapper;
		};
		F88CC4A62A44B020001FACFC /* DiskImagesWrapper */ = {
			isa = XCSwiftPackageProductDependency;
			package = F88CC4A12A44B020001FACFC /* XCRemoteSwiftPackageReference "PrivateKits-tvOS" */;
			productName = DiskImagesWrapper;
		};
		F88CC4AA2A44B020001FACFC /* SVGWrapper */ = {
			isa = XCSwiftPackageProductDependency;
			package = F88CC4A12A44B020001FACFC /* XCRemoteSwiftPackageReference "PrivateKits-tvOS" */;
			productName = SVGWrapper;
		};
/* End XCSwiftPackageProductDependency section */
	};
	rootObject = F853AB2329DBCB1A006EA2D5 /* Project object */;
}
