{
  "pins" : [
    {
      "identity" : "privatekits-tvos",
      "kind" : "remoteSourceControl",
      "location" : "https://github.com/RealKGB/PrivateKits-tvOS",
      "state" : {
        "revision" : "0fa05d7707004bd10bf3f153f0c8d6781bc462f9"
      }
    },
    {
      "identity" : "swifter",
      "kind" : "remoteSourceControl",
      "location" : "https://github.com/httpswift/swifter",
      "state" : {
        "revision" : "9483a5d459b45c3ffd059f7b55f9638e268632fd",
        "version" : "1.5.0"
      }
    },
    {
      "identity" : "zip",
      "kind" : "remoteSourceControl",
      "location" : "https://github.com/marmelroy/Zip",
      "state" : {
        "revision" : "67fa55813b9e7b3b9acee9c0ae501def28746d76",
        "version" : "2.1.2"
      }
    }
  ],
  "version" : 2
}
