{
  "pins" : [
    {
      "identity" : "privatekits-tvos",
      "kind" : "remoteSourceControl",
      "location" : "https://github.com/RealKGB/PrivateKits-tvOS",
      "state" : {
        "revision" : "0fa05d7707004bd10bf3f153f0c8d6781bc462f9"
      }
    },
    {
      "identity" : "yams",
      "kind" : "remoteSourceControl",
      "location" : "https://github.com/jpsim/Yams",
      "state" : {
        "revision" : "0d9ee7ea8c4ebd4a489ad7a73d5c6cad55d6fed3",
        "version" : "5.0.6"
      }
    },
    {
      "identity" : "zip",
      "kind" : "remoteSourceControl",
      "location" : "https://github.com/marmelroy/Zip",
      "state" : {
        "revision" : "67fa55813b9e7b3b9acee9c0ae501def28746d76",
        "version" : "2.1.2"
      }
    }
  ],
  "version" : 2
}
